
Microsoft Visual Studio Solution File, Format Version 12.00
# Visual Studio 2013
VisualStudioVersion = 12.0.21005.1
MinimumVisualStudioVersion = 10.0.40219.1
Project("{FAE04EC0-301F-11D3-BF4B-00C04F79EFBC}") = "HueHarmonyBridge", "HueHarmonyBridge\HueHarmonyBridge.csproj", "{050C978C-AB19-402B-A040-BC9EC40F19C3}"
EndProject
Project("{FAE04EC0-301F-11D3-BF4B-00C04F79EFBC}") = "agsXMPP2008", "agsxmpp\agsXMPP2008.csproj", "{91EA0D0B-D3BA-497F-AFEB-2CAD59DEBA0E}"
EndProject
Project("{FAE04EC0-301F-11D3-BF4B-00C04F79EFBC}") = "HarmonyHub", "HarmonyHub\HarmonyHub.csproj", "{561D5F22-2CCF-4D84-A677-EB54CC39AFBF}"
EndProject
Global
	GlobalSection(SolutionConfigurationPlatforms) = preSolution
		Debug|Any CPU = Debug|Any CPU
		Release|Any CPU = Release|Any CPU
	EndGlobalSection
	GlobalSection(ProjectConfigurationPlatforms) = postSolution
		{050C978C-AB19-402B-A040-BC9EC40F19C3}.Debug|Any CPU.ActiveCfg = Debug|Any CPU
		{050C978C-AB19-402B-A040-BC9EC40F19C3}.Debug|Any CPU.Build.0 = Debug|Any CPU
		{050C978C-AB19-402B-A040-BC9EC40F19C3}.Release|Any CPU.ActiveCfg = Release|Any CPU
		{050C978C-AB19-402B-A040-BC9EC40F19C3}.Release|Any CPU.Build.0 = Release|Any CPU
		{91EA0D0B-D3BA-497F-AFEB-2CAD59DEBA0E}.Debug|Any CPU.ActiveCfg = Debug|Any CPU
		{91EA0D0B-D3BA-497F-AFEB-2CAD59DEBA0E}.Debug|Any CPU.Build.0 = Debug|Any CPU
		{91EA0D0B-D3BA-497F-AFEB-2CAD59DEBA0E}.Release|Any CPU.ActiveCfg = Release|Any CPU
		{91EA0D0B-D3BA-497F-AFEB-2CAD59DEBA0E}.Release|Any CPU.Build.0 = Release|Any CPU
		{561D5F22-2CCF-4D84-A677-EB54CC39AFBF}.Debug|Any CPU.ActiveCfg = Debug|Any CPU
		{561D5F22-2CCF-4D84-A677-EB54CC39AFBF}.Debug|Any CPU.Build.0 = Debug|Any CPU
		{561D5F22-2CCF-4D84-A677-EB54CC39AFBF}.Release|Any CPU.ActiveCfg = Release|Any CPU
		{561D5F22-2CCF-4D84-A677-EB54CC39AFBF}.Release|Any CPU.Build.0 = Release|Any CPU
	EndGlobalSection
	GlobalSection(SolutionProperties) = preSolution
		HideSolutionNode = FALSE
	EndGlobalSection
EndGlobal
